
Microsoft Visual Studio Solution File, Format Version 12.00
# Visual Studio Version 17
VisualStudioVersion = 17.8.34330.188
MinimumVisualStudioVersion = 10.0.40219.1
Project("{9A19103F-16F7-4668-BE54-9A1E7A4F7556}") = "aisStream.SimpleExample", "aisStream.SimpleExample.csproj", "{823345A8-ED41-4A61-9ACF-7BBB7B3192DC}"
EndProject
Global
	GlobalSection(SolutionConfigurationPlatforms) = preSolution
		Debug|Any CPU = Debug|Any CPU
		Release|Any CPU = Release|Any CPU
	EndGlobalSection
	GlobalSection(ProjectConfigurationPlatforms) = postSolution
		{823345A8-ED41-4A61-9ACF-7BBB7B3192DC}.Debug|Any CPU.ActiveCfg = Debug|Any CPU
		{823345A8-ED41-4A61-9ACF-7BBB7B3192DC}.Debug|Any CPU.Build.0 = Debug|Any CPU
		{823345A8-ED41-4A61-9ACF-7BBB7B3192DC}.Release|Any CPU.ActiveCfg = Release|Any CPU
		{823345A8-ED41-4A61-9ACF-7BBB7B3192DC}.Release|Any CPU.Build.0 = Release|Any CPU
	EndGlobalSection
	GlobalSection(SolutionProperties) = preSolution
		HideSolutionNode = FALSE
	EndGlobalSection
	GlobalSection(ExtensibilityGlobals) = postSolution
		SolutionGuid = {EB1DC92E-A23A-4370-8EB2-E18453902F99}
	EndGlobalSection
EndGlobal
